PODS:
  - SDWebImage (5.0.0-beta3):
    - SDWebImage/Core (= 5.0.0-beta3)
  - SDWebImage/Core (5.0.0-beta3)

DEPENDENCIES:
  - SDWebImage (~> 5.0.0-beta3)

SPEC REPOS:
  https://github.com/cocoapods/specs.git:
    - SDWebImage

SPEC CHECKSUMS:
  SDWebImage: e52654ceef9fdc19f4c612d64a5b6d3f05dd81a4

PODFILE CHECKSUM: 90d73f4ac04d55b1e3117278980b166c8ae4884e

COCOAPODS: 1.5.3
